
Microsoft Visual Studio Solution File, Format Version 12.00
# Visual Studio 15
VisualStudioVersion = 15.0.26730.16
MinimumVisualStudioVersion = 10.0.40219.1
Project("{2150E333-8FDC-42A3-9474-1A3956D46DE8}") = "Engine", "Engine", "{D3B67346-0D3C-4461-8626-16366F18A6BE}"
EndProject
Project("{2150E333-8FDC-42A3-9474-1A3956D46DE8}") = "Games", "Games", "{CDD0951D-780A-42A4-9D53-3C9566FE2FEA}"
EndProject
Project("{8BC9CEB8-8B4A-11D0-8D11-00A0C91BC942}") = "UE4", "Intermediate\ProjectFiles\UE4.vcxproj", "{33483837-E5F9-4179-8AB6-80968CE166E0}"
EndProject
Project("{8BC9CEB8-8B4A-11D0-8D11-00A0C91BC942}") = "HackflightSim", "Intermediate\ProjectFiles\HackflightSim.vcxproj", "{A1FA8645-9415-4427-94E4-138C34E11079}"
EndProject
Global
	GlobalSection(SolutionConfigurationPlatforms) = preSolution
		DebugGame Editor|HTML5 = DebugGame Editor|HTML5
		DebugGame Editor|Win32 = DebugGame Editor|Win32
		DebugGame Editor|Win64 = DebugGame Editor|Win64
		DebugGame|HTML5 = DebugGame|HTML5
		DebugGame|Win32 = DebugGame|Win32
		DebugGame|Win64 = DebugGame|Win64
		Development Editor|HTML5 = Development Editor|HTML5
		Development Editor|Win32 = Development Editor|Win32
		Development Editor|Win64 = Development Editor|Win64
		Development|HTML5 = Development|HTML5
		Development|Win32 = Development|Win32
		Development|Win64 = Development|Win64
		Shipping|HTML5 = Shipping|HTML5
		Shipping|Win32 = Shipping|Win32
		Shipping|Win64 = Shipping|Win64
	EndGlobalSection
	GlobalSection(ProjectConfigurationPlatforms) = postSolution
		{33483837-E5F9-4179-8AB6-80968CE166E0}.DebugGame Editor|HTML5.ActiveCfg = BuiltWithUnrealBuildTool|Win32
		{33483837-E5F9-4179-8AB6-80968CE166E0}.DebugGame Editor|HTML5.Build.0 = BuiltWithUnrealBuildTool|Win32
		{33483837-E5F9-4179-8AB6-80968CE166E0}.DebugGame Editor|Win32.ActiveCfg = BuiltWithUnrealBuildTool|Win32
		{33483837-E5F9-4179-8AB6-80968CE166E0}.DebugGame Editor|Win32.Build.0 = BuiltWithUnrealBuildTool|Win32
		{33483837-E5F9-4179-8AB6-80968CE166E0}.DebugGame Editor|Win64.ActiveCfg = BuiltWithUnrealBuildTool|Win32
		{33483837-E5F9-4179-8AB6-80968CE166E0}.DebugGame Editor|Win64.Build.0 = BuiltWithUnrealBuildTool|Win32
		{33483837-E5F9-4179-8AB6-80968CE166E0}.DebugGame|HTML5.ActiveCfg = BuiltWithUnrealBuildTool|Win32
		{33483837-E5F9-4179-8AB6-80968CE166E0}.DebugGame|HTML5.Build.0 = BuiltWithUnrealBuildTool|Win32
		{33483837-E5F9-4179-8AB6-80968CE166E0}.DebugGame|Win32.ActiveCfg = BuiltWithUnrealBuildTool|Win32
		{33483837-E5F9-4179-8AB6-80968CE166E0}.DebugGame|Win32.Build.0 = BuiltWithUnrealBuildTool|Win32
		{33483837-E5F9-4179-8AB6-80968CE166E0}.DebugGame|Win64.ActiveCfg = BuiltWithUnrealBuildTool|Win32
		{33483837-E5F9-4179-8AB6-80968CE166E0}.DebugGame|Win64.Build.0 = BuiltWithUnrealBuildTool|Win32
		{33483837-E5F9-4179-8AB6-80968CE166E0}.Development Editor|HTML5.ActiveCfg = BuiltWithUnrealBuildTool|Win32
		{33483837-E5F9-4179-8AB6-80968CE166E0}.Development Editor|HTML5.Build.0 = BuiltWithUnrealBuildTool|Win32
		{33483837-E5F9-4179-8AB6-80968CE166E0}.Development Editor|Win32.ActiveCfg = BuiltWithUnrealBuildTool|Win32
		{33483837-E5F9-4179-8AB6-80968CE166E0}.Development Editor|Win32.Build.0 = BuiltWithUnrealBuildTool|Win32
		{33483837-E5F9-4179-8AB6-80968CE166E0}.Development Editor|Win64.ActiveCfg = BuiltWithUnrealBuildTool|Win32
		{33483837-E5F9-4179-8AB6-80968CE166E0}.Development Editor|Win64.Build.0 = BuiltWithUnrealBuildTool|Win32
		{33483837-E5F9-4179-8AB6-80968CE166E0}.Development|HTML5.ActiveCfg = BuiltWithUnrealBuildTool|Win32
		{33483837-E5F9-4179-8AB6-80968CE166E0}.Development|HTML5.Build.0 = BuiltWithUnrealBuildTool|Win32
		{33483837-E5F9-4179-8AB6-80968CE166E0}.Development|Win32.ActiveCfg = BuiltWithUnrealBuildTool|Win32
		{33483837-E5F9-4179-8AB6-80968CE166E0}.Development|Win32.Build.0 = BuiltWithUnrealBuildTool|Win32
		{33483837-E5F9-4179-8AB6-80968CE166E0}.Development|Win64.ActiveCfg = BuiltWithUnrealBuildTool|Win32
		{33483837-E5F9-4179-8AB6-80968CE166E0}.Development|Win64.Build.0 = BuiltWithUnrealBuildTool|Win32
		{33483837-E5F9-4179-8AB6-80968CE166E0}.Shipping|HTML5.ActiveCfg = BuiltWithUnrealBuildTool|Win32
		{33483837-E5F9-4179-8AB6-80968CE166E0}.Shipping|HTML5.Build.0 = BuiltWithUnrealBuildTool|Win32
		{33483837-E5F9-4179-8AB6-80968CE166E0}.Shipping|Win32.ActiveCfg = BuiltWithUnrealBuildTool|Win32
		{33483837-E5F9-4179-8AB6-80968CE166E0}.Shipping|Win32.Build.0 = BuiltWithUnrealBuildTool|Win32
		{33483837-E5F9-4179-8AB6-80968CE166E0}.Shipping|Win64.ActiveCfg = BuiltWithUnrealBuildTool|Win32
		{33483837-E5F9-4179-8AB6-80968CE166E0}.Shipping|Win64.Build.0 = BuiltWithUnrealBuildTool|Win32
		{A1FA8645-9415-4427-94E4-138C34E11079}.DebugGame Editor|HTML5.ActiveCfg = HTML5_DebugGame_Editor|Win32
		{A1FA8645-9415-4427-94E4-138C34E11079}.DebugGame Editor|Win32.ActiveCfg = DebugGame_Editor|Win32
		{A1FA8645-9415-4427-94E4-138C34E11079}.DebugGame Editor|Win64.ActiveCfg = DebugGame_Editor|x64
		{A1FA8645-9415-4427-94E4-138C34E11079}.DebugGame Editor|Win64.Build.0 = DebugGame_Editor|x64
		{A1FA8645-9415-4427-94E4-138C34E11079}.DebugGame|HTML5.ActiveCfg = HTML5_DebugGame_Game|Win32
		{A1FA8645-9415-4427-94E4-138C34E11079}.DebugGame|HTML5.Build.0 = HTML5_DebugGame_Game|Win32
		{A1FA8645-9415-4427-94E4-138C34E11079}.DebugGame|Win32.ActiveCfg = DebugGame_Game|Win32
		{A1FA8645-9415-4427-94E4-138C34E11079}.DebugGame|Win32.Build.0 = DebugGame_Game|Win32
		{A1FA8645-9415-4427-94E4-138C34E11079}.DebugGame|Win64.ActiveCfg = DebugGame_Game|x64
		{A1FA8645-9415-4427-94E4-138C34E11079}.DebugGame|Win64.Build.0 = DebugGame_Game|x64
		{A1FA8645-9415-4427-94E4-138C34E11079}.Development Editor|HTML5.ActiveCfg = HTML5_Development_Editor|Win32
		{A1FA8645-9415-4427-94E4-138C34E11079}.Development Editor|Win32.ActiveCfg = Development_Editor|Win32
		{A1FA8645-9415-4427-94E4-138C34E11079}.Development Editor|Win64.ActiveCfg = Development_Editor|x64
		{A1FA8645-9415-4427-94E4-138C34E11079}.Development Editor|Win64.Build.0 = Development_Editor|x64
		{A1FA8645-9415-4427-94E4-138C34E11079}.Development|HTML5.ActiveCfg = HTML5_Development_Game|Win32
		{A1FA8645-9415-4427-94E4-138C34E11079}.Development|HTML5.Build.0 = HTML5_Development_Game|Win32
		{A1FA8645-9415-4427-94E4-138C34E11079}.Development|Win32.ActiveCfg = Development_Game|Win32
		{A1FA8645-9415-4427-94E4-138C34E11079}.Development|Win32.Build.0 = Development_Game|Win32
		{A1FA8645-9415-4427-94E4-138C34E11079}.Development|Win64.ActiveCfg = Development_Game|x64
		{A1FA8645-9415-4427-94E4-138C34E11079}.Development|Win64.Build.0 = Development_Game|x64
		{A1FA8645-9415-4427-94E4-138C34E11079}.Shipping|HTML5.ActiveCfg = HTML5_Shipping_Game|Win32
		{A1FA8645-9415-4427-94E4-138C34E11079}.Shipping|HTML5.Build.0 = HTML5_Shipping_Game|Win32
		{A1FA8645-9415-4427-94E4-138C34E11079}.Shipping|Win32.ActiveCfg = Shipping_Game|Win32
		{A1FA8645-9415-4427-94E4-138C34E11079}.Shipping|Win32.Build.0 = Shipping_Game|Win32
		{A1FA8645-9415-4427-94E4-138C34E11079}.Shipping|Win64.ActiveCfg = Shipping_Game|x64
		{A1FA8645-9415-4427-94E4-138C34E11079}.Shipping|Win64.Build.0 = Shipping_Game|x64
	EndGlobalSection
	GlobalSection(SolutionProperties) = preSolution
		HideSolutionNode = FALSE
	EndGlobalSection
	GlobalSection(NestedProjects) = preSolution
		{33483837-E5F9-4179-8AB6-80968CE166E0} = {D3B67346-0D3C-4461-8626-16366F18A6BE}
		{A1FA8645-9415-4427-94E4-138C34E11079} = {CDD0951D-780A-42A4-9D53-3C9566FE2FEA}
	EndGlobalSection
	GlobalSection(ExtensibilityGlobals) = postSolution
		SolutionGuid = {BF4E9372-9F76-4383-B55F-D39E09E7407E}
	EndGlobalSection
EndGlobal
